
Microsoft Visual Studio Solution File, Format Version 12.00
# Visual Studio Version 17
VisualStudioVersion = 17.13.35931.197 d17.13
MinimumVisualStudioVersion = 10.0.40219.1
Project("{FAE04EC0-301F-11D3-BF4B-00C04F79EFBC}") = "Part02ControlFlowAndCollections", "Part02ControlFlowAndCollections.csproj", "{2F6D7FE1-EBE1-4947-81EC-8E87DA895183}"
EndProject
Global
	GlobalSection(SolutionConfigurationPlatforms) = preSolution
		Debug|Any CPU = Debug|Any CPU
		Release|Any CPU = Release|Any CPU
	EndGlobalSection
	GlobalSection(ProjectConfigurationPlatforms) = postSolution
		{2F6D7FE1-EBE1-4947-81EC-8E87DA895183}.Debug|Any CPU.ActiveCfg = Debug|Any CPU
		{2F6D7FE1-EBE1-4947-81EC-8E87DA895183}.Debug|Any CPU.Build.0 = Debug|Any CPU
		{2F6D7FE1-EBE1-4947-81EC-8E87DA895183}.Release|Any CPU.ActiveCfg = Release|Any CPU
		{2F6D7FE1-EBE1-4947-81EC-8E87DA895183}.Release|Any CPU.Build.0 = Release|Any CPU
	EndGlobalSection
	GlobalSection(SolutionProperties) = preSolution
		HideSolutionNode = FALSE
	EndGlobalSection
	GlobalSection(ExtensibilityGlobals) = postSolution
		SolutionGuid = {09AFBBE5-6950-4ADB-9E93-85892AE5EA3F}
	EndGlobalSection
EndGlobal
